// !$*UTF8*$!
{
	archiveVersion = 1;
	classes = {
	};
	objectVersion = 46;
	objects = {

/* Begin PBXBuildFile section */
		A0BCBD9E1CE540E700302FE3 /* AppDelegate.swift in Sources */ = {isa = PBXBuildFile; fileRef = A0BCBD9D1CE540E700302FE3 /* AppDelegate.swift */; };
		A0BCBDA01CE540E700302FE3 /* ViewController.swift in Sources */ = {isa = PBXBuildFile; fileRef = A0BCBD9F1CE540E700302FE3 /* ViewController.swift */; };
		A0BCBDA31CE540E700302FE3 /* Main.storyboard in Resources */ = {isa = PBXBuildFile; fileRef = A0BCBDA11CE540E700302FE3 /* Main.storyboard */; };
		A0BCBDA51CE540E700302FE3 /* Assets.xcassets in Resources */ = {isa = PBXBuildFile; fileRef = A0BCBDA41CE540E700302FE3 /* Assets.xcassets */; };
		A0BCBDA81CE540E700302FE3 /* LaunchScreen.storyboard in Resources */ = {isa = PBXBuildFile; fileRef = A0BCBDA61CE540E700302FE3 /* LaunchScreen.storyboard */; };
		A0BCBDB31CE540E700302FE3 /* SplitViewController_2Tests.swift in Sources */ = {isa = PBXBuildFile; fileRef = A0BCBDB21CE540E700302FE3 /* SplitViewController_2Tests.swift */; };
		A0BCBDBE1CE540E700302FE3 /* SplitViewController_2UITests.swift in Sources */ = {isa = PBXBuildFile; fileRef = A0BCBDBD1CE540E700302FE3 /* SplitViewController_2UITests.swift */; };
/* End PBXBuildFile section */

/* Begin PBXContainerItemProxy section */
		A0BCBDAF1CE540E700302FE3 /* PBXContainerItemProxy */ = {
			isa = PBXContainerItemProxy;
			containerPortal = A0BCBD921CE540E700302FE3 /* Project object */;
			proxyType = 1;
			remoteGlobalIDString = A0BCBD991CE540E700302FE3;
			remoteInfo = SplitViewController_2;
		};
		A0BCBDBA1CE540E700302FE3 /* PBXContainerItemProxy */ = {
			isa = PBXContainerItemProxy;
			containerPortal = A0BCBD921CE540E700302FE3 /* Project object */;
			proxyType = 1;
			remoteGlobalIDString = A0BCBD991CE540E700302FE3;
			remoteInfo = SplitViewController_2;
		};
/* End PBXContainerItemProxy section */

/* Begin PBXFileReference section */
		A0BCBD9A1CE540E700302FE3 /* SplitViewController_2.app */ = {isa = PBXFileReference; explicitFileType = wrapper.application; includeInIndex = 0; path = SplitViewController_2.app; sourceTree = BUILT_PRODUCTS_DIR; };
		A0BCBD9D1CE540E700302FE3 /* AppDelegate.swift */ = {isa = PBXFileReference; lastKnownFileType = sourcecode.swift; path = AppDelegate.swift; sourceTree = "<group>"; };
		A0BCBD9F1CE540E700302FE3 /* ViewController.swift */ = {isa = PBXFileReference; lastKnownFileType = sourcecode.swift; path = ViewController.swift; sourceTree = "<group>"; };
		A0BCBDA21CE540E700302FE3 /* Base */ = {isa = PBXFileReference; lastKnownFileType = file.storyboard; name = Base; path = Base.lproj/Main.storyboard; sourceTree = "<group>"; };
		A0BCBDA41CE540E700302FE3 /* Assets.xcassets */ = {isa = PBXFileReference; lastKnownFileType = folder.assetcatalog; path = Assets.xcassets; sourceTree = "<group>"; };
		A0BCBDA71CE540E700302FE3 /* Base */ = {isa = PBXFileReference; lastKnownFileType = file.storyboard; name = Base; path = Base.lproj/LaunchScreen.storyboard; sourceTree = "<group>"; };
		A0BCBDA91CE540E700302FE3 /* Info.plist */ = {isa = PBXFileReference; lastKnownFileType = text.plist.xml; path = Info.plist; sourceTree = "<group>"; };
		A0BCBDAE1CE540E700302FE3 /* SplitViewController_2Tests.xctest */ = {isa = PBXFileReference; explicitFileType = wrapper.cfbundle; includeInIndex = 0; path = SplitViewController_2Tests.xctest; sourceTree = BUILT_PRODUCTS_DIR; };
		A0BCBDB21CE540E700302FE3 /* SplitViewController_2Tests.swift */ = {isa = PBXFileReference; lastKnownFileType = sourcecode.swift; path = SplitViewController_2Tests.swift; sourceTree = "<group>"; };
		A0BCBDB41CE540E700302FE3 /* Info.plist */ = {isa = PBXFileReference; lastKnownFileType = text.plist.xml; path = Info.plist; sourceTree = "<group>"; };
		A0BCBDB91CE540E700302FE3 /* SplitViewController_2UITests.xctest */ = {isa = PBXFileReference; explicitFileType = wrapper.cfbundle; includeInIndex = 0; path = SplitViewController_2UITests.xctest; sourceTree = BUILT_PRODUCTS_DIR; };
		A0BCBDBD1CE540E700302FE3 /* SplitViewController_2UITests.swift */ = {isa = PBXFileReference; lastKnownFileType = sourcecode.swift; path = SplitViewController_2UITests.swift; sourceTree = "<group>"; };
		A0BCBDBF1CE540E700302FE3 /* Info.plist */ = {isa = PBXFileReference; lastKnownFileType = text.plist.xml; path = Info.plist; sourceTree = "<group>"; };
/* End PBXFileReference section */

/* Begin PBXFrameworksBuildPhase section */
		A0BCBD971CE540E700302FE3 /* Frameworks */ = {
			isa = PBXFrameworksBuildPhase;
			buildActionMask = 2147483647;
			files = (
			);
			runOnlyForDeploymentPostprocessing = 0;
		};
		A0BCBDAB1CE540E700302FE3 /* Frameworks */ = {
			isa = PBXFrameworksBuildPhase;
			buildActionMask = 2147483647;
			files = (
			);
			runOnlyForDeploymentPostprocessing = 0;
		};
		A0BCBDB61CE540E700302FE3 /* Frameworks */ = {
			isa = PBXFrameworksBuildPhase;
			buildActionMask = 2147483647;
			files = (
			);
			runOnlyForDeploymentPostprocessing = 0;
		};
/* End PBXFrameworksBuildPhase section */

/* Begin PBXGroup section */
		A0BCBD911CE540E700302FE3 = {
			isa = PBXGroup;
			children = (
				A0BCBD9C1CE540E700302FE3 /* SplitViewController_2 */,
				A0BCBDB11CE540E700302FE3 /* SplitViewController_2Tests */,
				A0BCBDBC1CE540E700302FE3 /* SplitViewController_2UITests */,
				A0BCBD9B1CE540E700302FE3 /* Products */,
			);
			sourceTree = "<group>";
		};
		A0BCBD9B1CE540E700302FE3 /* Products */ = {
			isa = PBXGroup;
			children = (
				A0BCBD9A1CE540E700302FE3 /* SplitViewController_2.app */,
				A0BCBDAE1CE540E700302FE3 /* SplitViewController_2Tests.xctest */,
				A0BCBDB91CE540E700302FE3 /* SplitViewController_2UITests.xctest */,
			);
			name = Products;
			sourceTree = "<group>";
		};
		A0BCBD9C1CE540E700302FE3 /* SplitViewController_2 */ = {
			isa = PBXGroup;
			children = (
				A0BCBD9D1CE540E700302FE3 /* AppDelegate.swift */,
				A0BCBD9F1CE540E700302FE3 /* ViewController.swift */,
				A0BCBDA11CE540E700302FE3 /* Main.storyboard */,
				A0BCBDA41CE540E700302FE3 /* Assets.xcassets */,
				A0BCBDA61CE540E700302FE3 /* LaunchScreen.storyboard */,
				A0BCBDA91CE540E700302FE3 /* Info.plist */,
			);
			path = SplitViewController_2;
			sourceTree = "<group>";
		};
		A0BCBDB11CE540E700302FE3 /* SplitViewController_2Tests */ = {
			isa = PBXGroup;
			children = (
				A0BCBDB21CE540E700302FE3 /* SplitViewController_2Tests.swift */,
				A0BCBDB41CE540E700302FE3 /* Info.plist */,
			);
			path = SplitViewController_2Tests;
			sourceTree = "<group>";
		};
		A0BCBDBC1CE540E700302FE3 /* SplitViewController_2UITests */ = {
			isa = PBXGroup;
			children = (
				A0BCBDBD1CE540E700302FE3 /* SplitViewController_2UITests.swift */,
				A0BCBDBF1CE540E700302FE3 /* Info.plist */,
			);
			path = SplitViewController_2UITests;
			sourceTree = "<group>";
		};
/* End PBXGroup section */

/* Begin PBXNativeTarget section */
		A0BCBD991CE540E700302FE3 /* SplitViewController_2 */ = {
			isa = PBXNativeTarget;
			buildConfigurationList = A0BCBDC21CE540E700302FE3 /* Build configuration list for PBXNativeTarget "SplitViewController_2" */;
			buildPhases = (
				A0BCBD961CE540E700302FE3 /* Sources */,
				A0BCBD971CE540E700302FE3 /* Frameworks */,
				A0BCBD981CE540E700302FE3 /* Resources */,
			);
			buildRules = (
			);
			dependencies = (
			);
			name = SplitViewController_2;
			productName = SplitViewController_2;
			productReference = A0BCBD9A1CE540E700302FE3 /* SplitViewController_2.app */;
			productType = "com.apple.product-type.application";
		};
		A0BCBDAD1CE540E700302FE3 /* SplitViewController_2Tests */ = {
			isa = PBXNativeTarget;
			buildConfigurationList = A0BCBDC51CE540E700302FE3 /* Build configuration list for PBXNativeTarget "SplitViewController_2Tests" */;
			buildPhases = (
				A0BCBDAA1CE540E700302FE3 /* Sources */,
				A0BCBDAB1CE540E700302FE3 /* Frameworks */,
				A0BCBDAC1CE540E700302FE3 /* Resources */,
			);
			buildRules = (
			);
			dependencies = (
				A0BCBDB01CE540E700302FE3 /* PBXTargetDependency */,
			);
			name = SplitViewController_2Tests;
			productName = SplitViewController_2Tests;
			productReference = A0BCBDAE1CE540E700302FE3 /* SplitViewController_2Tests.xctest */;
			productType = "com.apple.product-type.bundle.unit-test";
		};
		A0BCBDB81CE540E700302FE3 /* SplitViewController_2UITests */ = {
			isa = PBXNativeTarget;
			buildConfigurationList = A0BCBDC81CE540E700302FE3 /* Build configuration list for PBXNativeTarget "SplitViewController_2UITests" */;
			buildPhases = (
				A0BCBDB51CE540E700302FE3 /* Sources */,
				A0BCBDB61CE540E700302FE3 /* Frameworks */,
				A0BCBDB71CE540E700302FE3 /* Resources */,
			);
			buildRules = (
			);
			dependencies = (
				A0BCBDBB1CE540E700302FE3 /* PBXTargetDependency */,
			);
			name = SplitViewController_2UITests;
			productName = SplitViewController_2UITests;
			productReference = A0BCBDB91CE540E700302FE3 /* SplitViewController_2UITests.xctest */;
			productType = "com.apple.product-type.bundle.ui-testing";
		};
/* End PBXNativeTarget section */

/* Begin PBXProject section */
		A0BCBD921CE540E700302FE3 /* Project object */ = {
			isa = PBXProject;
			attributes = {
				LastSwiftUpdateCheck = 0730;
				LastUpgradeCheck = 0730;
				ORGANIZATIONNAME = "Salyards, Adey";
				TargetAttributes = {
					A0BCBD991CE540E700302FE3 = {
						CreatedOnToolsVersion = 7.3;
					};
					A0BCBDAD1CE540E700302FE3 = {
						CreatedOnToolsVersion = 7.3;
						TestTargetID = A0BCBD991CE540E700302FE3;
					};
					A0BCBDB81CE540E700302FE3 = {
						CreatedOnToolsVersion = 7.3;
						TestTargetID = A0BCBD991CE540E700302FE3;
					};
				};
			};
			buildConfigurationList = A0BCBD951CE540E700302FE3 /* Build configuration list for PBXProject "SplitViewController_2" */;
			compatibilityVersion = "Xcode 3.2";
			developmentRegion = English;
			hasScannedForEncodings = 0;
			knownRegions = (
				en,
				Base,
			);
			mainGroup = A0BCBD911CE540E700302FE3;
			productRefGroup = A0BCBD9B1CE540E700302FE3 /* Products */;
			projectDirPath = "";
			projectRoot = "";
			targets = (
				A0BCBD991CE540E700302FE3 /* SplitViewController_2 */,
				A0BCBDAD1CE540E700302FE3 /* SplitViewController_2Tests */,
				A0BCBDB81CE540E700302FE3 /* SplitViewController_2UITests */,
			);
		};
/* End PBXProject section */

/* Begin PBXResourcesBuildPhase section */
		A0BCBD981CE540E700302FE3 /* Resources */ = {
			isa = PBXResourcesBuildPhase;
			buildActionMask = 2147483647;
			files = (
				A0BCBDA81CE540E700302FE3 /* LaunchScreen.storyboard in Resources */,
				A0BCBDA51CE540E700302FE3 /* Assets.xcassets in Resources */,
				A0BCBDA31CE540E700302FE3 /* Main.storyboard in Resources */,
			);
			runOnlyForDeploymentPostprocessing = 0;
		};
		A0BCBDAC1CE540E700302FE3 /* Resources */ = {
			isa = PBXResourcesBuildPhase;
			buildActionMask = 2147483647;
			files = (
			);
			runOnlyForDeploymentPostprocessing = 0;
		};
		A0BCBDB71CE540E700302FE3 /* Resources */ = {
			isa = PBXResourcesBuildPhase;
			buildActionMask = 2147483647;
			files = (
			);
			runOnlyForDeploymentPostprocessing = 0;
		};
/* End PBXResourcesBuildPhase section */

/* Begin PBXSourcesBuildPhase section */
		A0BCBD961CE540E700302FE3 /* Sources */ = {
			isa = PBXSourcesBuildPhase;
			buildActionMask = 2147483647;
			files = (
				A0BCBDA01CE540E700302FE3 /* ViewController.swift in Sources */,
				A0BCBD9E1CE540E700302FE3 /* AppDelegate.swift in Sources */,
			);
			runOnlyForDeploymentPostprocessing = 0;
		};
		A0BCBDAA1CE540E700302FE3 /* Sources */ = {
			isa = PBXSourcesBuildPhase;
			buildActionMask = 2147483647;
			files = (
				A0BCBDB31CE540E700302FE3 /* SplitViewController_2Tests.swift in Sources */,
			);
			runOnlyForDeploymentPostprocessing = 0;
		};
		A0BCBDB51CE540E700302FE3 /* Sources */ = {
			isa = PBXSourcesBuildPhase;
			buildActionMask = 2147483647;
			files = (
				A0BCBDBE1CE540E700302FE3 /* SplitViewController_2UITests.swift in Sources */,
			);
			runOnlyForDeploymentPostprocessing = 0;
		};
/* End PBXSourcesBuildPhase section */

/* Begin PBXTargetDependency section */
		A0BCBDB01CE540E700302FE3 /* PBXTargetDependency */ = {
			isa = PBXTargetDependency;
			target = A0BCBD991CE540E700302FE3 /* SplitViewController_2 */;
			targetProxy = A0BCBDAF1CE540E700302FE3 /* PBXContainerItemProxy */;
		};
		A0BCBDBB1CE540E700302FE3 /* PBXTargetDependency */ = {
			isa = PBXTargetDependency;
			target = A0BCBD991CE540E700302FE3 /* SplitViewController_2 */;
			targetProxy = A0BCBDBA1CE540E700302FE3 /* PBXContainerItemProxy */;
		};
/* End PBXTargetDependency section */

/* Begin PBXVariantGroup section */
		A0BCBDA11CE540E700302FE3 /* Main.storyboard */ = {
			isa = PBXVariantGroup;
			children = (
				A0BCBDA21CE540E700302FE3 /* Base */,
			);
			name = Main.storyboard;
			sourceTree = "<group>";
		};
		A0BCBDA61CE540E700302FE3 /* LaunchScreen.storyboard */ = {
			isa = PBXVariantGroup;
			children = (
				A0BCBDA71CE540E700302FE3 /* Base */,
			);
			name = LaunchScreen.storyboard;
			sourceTree = "<group>";
		};
/* End PBXVariantGroup section */

/* Begin XCBuildConfiguration section */
		A0BCBDC01CE540E700302FE3 /* Debug */ = {
			isa = XCBuildConfiguration;
			buildSettings = {
				ALWAYS_SEARCH_USER_PATHS = NO;
				CLANG_ANALYZER_NONNULL = YES;
				CLANG_CXX_LANGUAGE_STANDARD = "gnu++0x";
				CLANG_CXX_LIBRARY = "libc++";
				CLANG_ENABLE_MODULES = YES;
				CLANG_ENABLE_OBJC_ARC = YES;
				CLANG_WARN_BOOL_CONVERSION = YES;
				CLANG_WARN_CONSTANT_CONVERSION = YES;
				CLANG_WARN_DIRECT_OBJC_ISA_USAGE = YES_ERROR;
				CLANG_WARN_EMPTY_BODY = YES;
				CLANG_WARN_ENUM_CONVERSION = YES;
				CLANG_WARN_INT_CONVERSION = YES;
				CLANG_WARN_OBJC_ROOT_CLASS = YES_ERROR;
				CLANG_WARN_UNREACHABLE_CODE = YES;
				CLANG_WARN__DUPLICATE_METHOD_MATCH = YES;
				"CODE_SIGN_IDENTITY[sdk=iphoneos*]" = "iPhone Developer";
				COPY_PHASE_STRIP = NO;
				DEBUG_INFORMATION_FORMAT = dwarf;
				ENABLE_STRICT_OBJC_MSGSEND = YES;
				ENABLE_TESTABILITY = YES;
				GCC_C_LANGUAGE_STANDARD = gnu99;
				GCC_DYNAMIC_NO_PIC = NO;
				GCC_NO_COMMON_BLOCKS = YES;
				GCC_OPTIMIZATION_LEVEL = 0;
				GCC_PREPROCESSOR_DEFINITIONS = (
					"DEBUG=1",
					"$(inherited)",
				);
				GCC_WARN_64_TO_32_BIT_CONVERSION = YES;
				GCC_WARN_ABOUT_RETURN_TYPE = YES_ERROR;
				GCC_WARN_UNDECLARED_SELECTOR = YES;
				GCC_WARN_UNINITIALIZED_AUTOS = YES_AGGRESSIVE;
				GCC_WARN_UNUSED_FUNCTION = YES;
				GCC_WARN_UNUSED_VARIABLE = YES;
				IPHONEOS_DEPLOYMENT_TARGET = 9.3;
				MTL_ENABLE_DEBUG_INFO = YES;
				ONLY_ACTIVE_ARCH = YES;
				SDKROOT = iphoneos;
				SWIFT_OPTIMIZATION_LEVEL = "-Onone";
				TARGETED_DEVICE_FAMILY = 2;
			};
			name = Debug;
		};
		A0BCBDC11CE540E700302FE3 /* Release */ = {
			isa = XCBuildConfiguration;
			buildSettings = {
				ALWAYS_SEARCH_USER_PATHS = NO;
				CLANG_ANALYZER_NONNULL = YES;
				CLANG_CXX_LANGUAGE_STANDARD = "gnu++0x";
				CLANG_CXX_LIBRARY = "libc++";
				CLANG_ENABLE_MODULES = YES;
				CLANG_ENABLE_OBJC_ARC = YES;
				CLANG_WARN_BOOL_CONVERSION = YES;
				CLANG_WARN_CONSTANT_CONVERSION = YES;
				CLANG_WARN_DIRECT_OBJC_ISA_USAGE = YES_ERROR;
				CLANG_WARN_EMPTY_BODY = YES;
				CLANG_WARN_ENUM_CONVERSION = YES;
				CLANG_WARN_INT_CONVERSION = YES;
				CLANG_WARN_OBJC_ROOT_CLASS = YES_ERROR;
				CLANG_WARN_UNREACHABLE_CODE = YES;
				CLANG_WARN__DUPLICATE_METHOD_MATCH = YES;
				"CODE_SIGN_IDENTITY[sdk=iphoneos*]" = "iPhone Developer";
				COPY_PHASE_STRIP = NO;
				DEBUG_INFORMATION_FORMAT = "dwarf-with-dsym";
				ENABLE_NS_ASSERTIONS = NO;
				ENABLE_STRICT_OBJC_MSGSEND = YES;
				GCC_C_LANGUAGE_STANDARD = gnu99;
				GCC_NO_COMMON_BLOCKS = YES;
				GCC_WARN_64_TO_32_BIT_CONVERSION = YES;
				GCC_WARN_ABOUT_RETURN_TYPE = YES_ERROR;
				GCC_WARN_UNDECLARED_SELECTOR = YES;
				GCC_WARN_UNINITIALIZED_AUTOS = YES_AGGRESSIVE;
				GCC_WARN_UNUSED_FUNCTION = YES;
				GCC_WARN_UNUSED_VARIABLE = YES;
				IPHONEOS_DEPLOYMENT_TARGET = 9.3;
				MTL_ENABLE_DEBUG_INFO = NO;
				SDKROOT = iphoneos;
				TARGETED_DEVICE_FAMILY = 2;
				VALIDATE_PRODUCT = YES;
			};
			name = Release;
		};
		A0BCBDC31CE540E700302FE3 /* Debug */ = {
			isa = XCBuildConfiguration;
			buildSettings = {
				ASSETCATALOG_COMPILER_APPICON_NAME = AppIcon;
				INFOPLIST_FILE = SplitViewController_2/Info.plist;
				LD_RUNPATH_SEARCH_PATHS = "$(inherited) @executable_path/Frameworks";
				PRODUCT_BUNDLE_IDENTIFIER = "Capital-One.SplitViewController-2";
				PRODUCT_NAME = "$(TARGET_NAME)";
			};
			name = Debug;
		};
		A0BCBDC41CE540E700302FE3 /* Release */ = {
			isa = XCBuildConfiguration;
			buildSettings = {
				ASSETCATALOG_COMPILER_APPICON_NAME = AppIcon;
				INFOPLIST_FILE = SplitViewController_2/Info.plist;
				LD_RUNPATH_SEARCH_PATHS = "$(inherited) @executable_path/Frameworks";
				PRODUCT_BUNDLE_IDENTIFIER = "Capital-One.SplitViewController-2";
				PRODUCT_NAME = "$(TARGET_NAME)";
			};
			name = Release;
		};
		A0BCBDC61CE540E700302FE3 /* Debug */ = {
			isa = XCBuildConfiguration;
			buildSettings = {
				BUNDLE_LOADER = "$(TEST_HOST)";
				INFOPLIST_FILE = SplitViewController_2Tests/Info.plist;
				LD_RUNPATH_SEARCH_PATHS = "$(inherited) @executable_path/Frameworks @loader_path/Frameworks";
				PRODUCT_BUNDLE_IDENTIFIER = "Capital-One.SplitViewController-2Tests";
				PRODUCT_NAME = "$(TARGET_NAME)";
				TEST_HOST = "$(BUILT_PRODUCTS_DIR)/SplitViewController_2.app/SplitViewController_2";
			};
			name = Debug;
		};
		A0BCBDC71CE540E700302FE3 /* Release */ = {
			isa = XCBuildConfiguration;
			buildSettings = {
				BUNDLE_LOADER = "$(TEST_HOST)";
				INFOPLIST_FILE = SplitViewController_2Tests/Info.plist;
				LD_RUNPATH_SEARCH_PATHS = "$(inherited) @executable_path/Frameworks @loader_path/Frameworks";
				PRODUCT_BUNDLE_IDENTIFIER = "Capital-One.SplitViewController-2Tests";
				PRODUCT_NAME = "$(TARGET_NAME)";
				TEST_HOST = "$(BUILT_PRODUCTS_DIR)/SplitViewController_2.app/SplitViewController_2";
			};
			name = Release;
		};
		A0BCBDC91CE540E700302FE3 /* Debug */ = {
			isa = XCBuildConfiguration;
			buildSettings = {
				INFOPLIST_FILE = SplitViewController_2UITests/Info.plist;
				LD_RUNPATH_SEARCH_PATHS = "$(inherited) @executable_path/Frameworks @loader_path/Frameworks";
				PRODUCT_BUNDLE_IDENTIFIER = "Capital-One.SplitViewController-2UITests";
				PRODUCT_NAME = "$(TARGET_NAME)";
				TEST_TARGET_NAME = SplitViewController_2;
			};
			name = Debug;
		};
		A0BCBDCA1CE540E700302FE3 /* Release */ = {
			isa = XCBuildConfiguration;
			buildSettings = {
				INFOPLIST_FILE = SplitViewController_2UITests/Info.plist;
				LD_RUNPATH_SEARCH_PATHS = "$(inherited) @executable_path/Frameworks @loader_path/Frameworks";
				PRODUCT_BUNDLE_IDENTIFIER = "Capital-One.SplitViewController-2UITests";
				PRODUCT_NAME = "$(TARGET_NAME)";
				TEST_TARGET_NAME = SplitViewController_2;
			};
			name = Release;
		};
/* End XCBuildConfiguration section */

/* Begin XCConfigurationList section */
		A0BCBD951CE540E700302FE3 /* Build configuration list for PBXProject "SplitViewController_2" */ = {
			isa = XCConfigurationList;
			buildConfigurations = (
				A0BCBDC01CE540E700302FE3 /* Debug */,
				A0BCBDC11CE540E700302FE3 /* Release */,
			);
			defaultConfigurationIsVisible = 0;
			defaultConfigurationName = Release;
		};
		A0BCBDC21CE540E700302FE3 /* Build configuration list for PBXNativeTarget "SplitViewController_2" */ = {
			isa = XCConfigurationList;
			buildConfigurations = (
				A0BCBDC31CE540E700302FE3 /* Debug */,
				A0BCBDC41CE540E700302FE3 /* Release */,
			);
			defaultConfigurationIsVisible = 0;
		};
		A0BCBDC51CE540E700302FE3 /* Build configuration list for PBXNativeTarget "SplitViewController_2Tests" */ = {
			isa = XCConfigurationList;
			buildConfigurations = (
				A0BCBDC61CE540E700302FE3 /* Debug */,
				A0BCBDC71CE540E700302FE3 /* Release */,
			);
			defaultConfigurationIsVisible = 0;
		};
		A0BCBDC81CE540E700302FE3 /* Build configuration list for PBXNativeTarget "SplitViewController_2UITests" */ = {
			isa = XCConfigurationList;
			buildConfigurations = (
				A0BCBDC91CE540E700302FE3 /* Debug */,
				A0BCBDCA1CE540E700302FE3 /* Release */,
			);
			defaultConfigurationIsVisible = 0;
		};
/* End XCConfigurationList section */
	};
	rootObject = A0BCBD921CE540E700302FE3 /* Project object */;
}
